
Microsoft Visual Studio Solution File, Format Version 12.00
# Visual Studio Version 17
VisualStudioVersion = 17.7.34031.279
MinimumVisualStudioVersion = 10.0.40219.1
Project("{FAE04EC0-301F-11D3-BF4B-00C04F79EFBC}") = "CalculateAgeSeconds", "CalculateAgeSeconds\CalculateAgeSeconds.csproj", "{B12DEB62-907F-4C56-98E3-995E103E6A9D}"
EndProject
Global
	GlobalSection(SolutionConfigurationPlatforms) = preSolution
		Debug|Any CPU = Debug|Any CPU
		Release|Any CPU = Release|Any CPU
	EndGlobalSection
	GlobalSection(ProjectConfigurationPlatforms) = postSolution
		{B12DEB62-907F-4C56-98E3-995E103E6A9D}.Debug|Any CPU.ActiveCfg = Debug|Any CPU
		{B12DEB62-907F-4C56-98E3-995E103E6A9D}.Debug|Any CPU.Build.0 = Debug|Any CPU
		{B12DEB62-907F-4C56-98E3-995E103E6A9D}.Release|Any CPU.ActiveCfg = Release|Any CPU
		{B12DEB62-907F-4C56-98E3-995E103E6A9D}.Release|Any CPU.Build.0 = Release|Any CPU
	EndGlobalSection
	GlobalSection(SolutionProperties) = preSolution
		HideSolutionNode = FALSE
	EndGlobalSection
	GlobalSection(ExtensibilityGlobals) = postSolution
		SolutionGuid = {E3296083-6824-44AE-B5BB-3901C3902935}
	EndGlobalSection
EndGlobal
